{
  "name": "statics",
  "version": "1.0.0",
  "lockfileVersion": 3,
  "requires": true,
  "packages": {
    "": {
      "name": "statics",
      "version": "1.0.0",
      "license": "ISC",
      "dependencies": {
        "greenpython": "^1.0.3"
      }
    },
    "node_modules/greenpython": {
      "version": "1.0.3",
      "resolved": "https://registry.npmjs.org/greenpython/-/greenpython-1.0.3.tgz",
      "integrity": "sha512-KYhyZ47uneZzckai+mn9ehZQoB9wey+EftYW7BF8wpct8PTRAnhAKfDdYWDkgnqcciAuKOfrc9kZC0EDrx5E4Q=="
    }
  }
}
