{
  "name": "statics",
  "version": "1.0.3",
  "lockfileVersion": 3,
  "requires": true,
  "packages": {
    "": {
      "name": "statics",
      "version": "1.0.8",
      "license": "ISC",
      "dependencies": {
        "greenpython": "^1.0.3"
      }
    },
    "node_modules/greenpython": {
      "version": "1.0.4",
      "resolved": "https://registry.npmjs.org/greenpython/-/greenpython-1.0.4.tgz",
      "integrity": "sha512-+NCRljRLp2p7EKOXPPESLtoEO1ppoPucRR3bVROsVGVf6onwS+n3mUx1cz3K1WjLAHzXuOkbkgYOZXSzwNwQNg=="
    }
  }
}
